// !$*UTF8*$!
{
	archiveVersion = 1;
	classes = {
	};
	objectVersion = 46;
	objects = {

/* Begin PBXBuildFile section */
		9A160E9513D37EB4001803DE /* folder64.png in Resources */ = {isa = PBXBuildFile; fileRef = 9A160E9413D37EB4001803DE /* folder64.png */; };
		9A160E9913D3806C001803DE /* adjusthsl.txt in Resources */ = {isa = PBXBuildFile; fileRef = 9A160E9613D3806C001803DE /* adjusthsl.txt */; };
		9A160E9A13D3806C001803DE /* RGBtoHSL.txt in Resources */ = {isa = PBXBuildFile; fileRef = 9A160E9713D3806C001803DE /* RGBtoHSL.txt */; };
		9A160E9B13D3806C001803DE /* imageblending.txt in Resources */ = {isa = PBXBuildFile; fileRef = 9A160E9813D3806C001803DE /* imageblending.txt */; };
		9A160E9D13D38159001803DE /* icn_New_File.m_512.png in Resources */ = {isa = PBXBuildFile; fileRef = 9A160E9C13D38159001803DE /* icn_New_File.m_512.png */; };
		9A160EBF13D38233001803DE /* WNStatement.m in Sources */ = {isa = PBXBuildFile; fileRef = 9A160EAA13D38233001803DE /* WNStatement.m */; };
		9A160EC013D38233001803DE /* WNCodeBlock.m in Sources */ = {isa = PBXBuildFile; fileRef = 9A160EAC13D38233001803DE /* WNCodeBlock.m */; };
		9A160EC113D38233001803DE /* WNConditionalChain.m in Sources */ = {isa = PBXBuildFile; fileRef = 9A160EAE13D38233001803DE /* WNConditionalChain.m */; };
		9A160EC213D38233001803DE /* WNConditional.m in Sources */ = {isa = PBXBuildFile; fileRef = 9A160EB013D38233001803DE /* WNConditional.m */; };
		9A160EC313D38233001803DE /* WNBooleanExpression.m in Sources */ = {isa = PBXBuildFile; fileRef = 9A160EB213D38233001803DE /* WNBooleanExpression.m */; };
		9A160EC413D38233001803DE /* WNWhileLoop.m in Sources */ = {isa = PBXBuildFile; fileRef = 9A160EB413D38233001803DE /* WNWhileLoop.m */; };
		9A160EC513D38233001803DE /* WNForLoop.m in Sources */ = {isa = PBXBuildFile; fileRef = 9A160EB613D38233001803DE /* WNForLoop.m */; };
		9A160EC613D38233001803DE /* WNFastEnumeration.m in Sources */ = {isa = PBXBuildFile; fileRef = 9A160EB813D38233001803DE /* WNFastEnumeration.m */; };
		9A160EC713D38233001803DE /* WNReturn.m in Sources */ = {isa = PBXBuildFile; fileRef = 9A160EBA13D38233001803DE /* WNReturn.m */; };
		9A160EC813D38233001803DE /* WNComment.m in Sources */ = {isa = PBXBuildFile; fileRef = 9A160EBC13D38233001803DE /* WNComment.m */; };
		9A160EC913D38233001803DE /* WNBreak.m in Sources */ = {isa = PBXBuildFile; fileRef = 9A160EBE13D38233001803DE /* WNBreak.m */; };
		9A160ECC13D38313001803DE /* RegexKitLite.m in Sources */ = {isa = PBXBuildFile; fileRef = 9A160ECB13D38313001803DE /* RegexKitLite.m */; };
		9A160ECE13D3837C001803DE /* libicucore.dylib in Frameworks */ = {isa = PBXBuildFile; fileRef = 9A160ECD13D3837C001803DE /* libicucore.dylib */; };
		9A3AC60F13D389A700D50E31 /* RGBtoHSL.pdf in Resources */ = {isa = PBXBuildFile; fileRef = 9A3AC60C13D389A600D50E31 /* RGBtoHSL.pdf */; };
		9A3AC61013D389A700D50E31 /* imageblending.pdf in Resources */ = {isa = PBXBuildFile; fileRef = 9A3AC60D13D389A600D50E31 /* imageblending.pdf */; };
		9A3AC61113D389A700D50E31 /* adjusthsl.pdf in Resources */ = {isa = PBXBuildFile; fileRef = 9A3AC60E13D389A700D50E31 /* adjusthsl.pdf */; };
		9A3AC61613D38A6500D50E31 /* adjusthsl.png in Resources */ = {isa = PBXBuildFile; fileRef = 9A3AC61313D38A6500D50E31 /* adjusthsl.png */; };
		9A3AC61713D38A6500D50E31 /* imageblending.png in Resources */ = {isa = PBXBuildFile; fileRef = 9A3AC61413D38A6500D50E31 /* imageblending.png */; };
		9A3AC61813D38A6500D50E31 /* RGBtoHSL.png in Resources */ = {isa = PBXBuildFile; fileRef = 9A3AC61513D38A6500D50E31 /* RGBtoHSL.png */; };
		9A9B804B13D2E33700A0EB37 /* UIKit.framework in Frameworks */ = {isa = PBXBuildFile; fileRef = 9A9B804A13D2E33700A0EB37 /* UIKit.framework */; };
		9A9B804D13D2E33700A0EB37 /* Foundation.framework in Frameworks */ = {isa = PBXBuildFile; fileRef = 9A9B804C13D2E33700A0EB37 /* Foundation.framework */; };
		9A9B804F13D2E33700A0EB37 /* CoreGraphics.framework in Frameworks */ = {isa = PBXBuildFile; fileRef = 9A9B804E13D2E33700A0EB37 /* CoreGraphics.framework */; };
		9A9B805513D2E33700A0EB37 /* InfoPlist.strings in Resources */ = {isa = PBXBuildFile; fileRef = 9A9B805313D2E33700A0EB37 /* InfoPlist.strings */; };
		9A9B805813D2E33700A0EB37 /* main.m in Sources */ = {isa = PBXBuildFile; fileRef = 9A9B805713D2E33700A0EB37 /* main.m */; };
		9A9B805B13D2E33700A0EB37 /* CodeFlowAppDelegate.m in Sources */ = {isa = PBXBuildFile; fileRef = 9A9B805A13D2E33700A0EB37 /* CodeFlowAppDelegate.m */; };
		9A9B805E13D2E33700A0EB37 /* MainWindow.xib in Resources */ = {isa = PBXBuildFile; fileRef = 9A9B805C13D2E33700A0EB37 /* MainWindow.xib */; };
		9A9B806113D2E33700A0EB37 /* DetailViewController.m in Sources */ = {isa = PBXBuildFile; fileRef = 9A9B806013D2E33700A0EB37 /* DetailViewController.m */; };
		9A9B806413D2E33700A0EB37 /* DetailView.xib in Resources */ = {isa = PBXBuildFile; fileRef = 9A9B806213D2E33700A0EB37 /* DetailView.xib */; };
		9A9B806713D2E33700A0EB37 /* RootViewController.m in Sources */ = {isa = PBXBuildFile; fileRef = 9A9B806613D2E33700A0EB37 /* RootViewController.m */; };
		9A9B806E13D2E33700A0EB37 /* UIKit.framework in Frameworks */ = {isa = PBXBuildFile; fileRef = 9A9B804A13D2E33700A0EB37 /* UIKit.framework */; };
		9A9B806F13D2E33700A0EB37 /* Foundation.framework in Frameworks */ = {isa = PBXBuildFile; fileRef = 9A9B804C13D2E33700A0EB37 /* Foundation.framework */; };
		9A9B807013D2E33700A0EB37 /* CoreGraphics.framework in Frameworks */ = {isa = PBXBuildFile; fileRef = 9A9B804E13D2E33700A0EB37 /* CoreGraphics.framework */; };
		9A9B807813D2E33700A0EB37 /* InfoPlist.strings in Resources */ = {isa = PBXBuildFile; fileRef = 9A9B807613D2E33700A0EB37 /* InfoPlist.strings */; };
		9A9B807B13D2E33800A0EB37 /* CodeFlowTests.h in Resources */ = {isa = PBXBuildFile; fileRef = 9A9B807A13D2E33800A0EB37 /* CodeFlowTests.h */; };
		9A9B807D13D2E33800A0EB37 /* CodeFlowTests.m in Sources */ = {isa = PBXBuildFile; fileRef = 9A9B807C13D2E33800A0EB37 /* CodeFlowTests.m */; };
		9A9B808D13D2E4BC00A0EB37 /* NSData+Base64.m in Sources */ = {isa = PBXBuildFile; fileRef = 9A9B808A13D2E4BC00A0EB37 /* NSData+Base64.m */; };
		9A9B808E13D2E4BC00A0EB37 /* NSData+Gzip.m in Sources */ = {isa = PBXBuildFile; fileRef = 9A9B808C13D2E4BC00A0EB37 /* NSData+Gzip.m */; };
		9A9B80D013D3680C00A0EB37 /* libz.dylib in Frameworks */ = {isa = PBXBuildFile; fileRef = 9A9B80CF13D3680C00A0EB37 /* libz.dylib */; };
/* End PBXBuildFile section */

/* Begin PBXContainerItemProxy section */
		9A9B807113D2E33700A0EB37 /* PBXContainerItemProxy */ = {
			isa = PBXContainerItemProxy;
			containerPortal = 9A9B803D13D2E33700A0EB37 /* Project object */;
			proxyType = 1;
			remoteGlobalIDString = 9A9B804513D2E33700A0EB37;
			remoteInfo = CodeFlow;
		};
/* End PBXContainerItemProxy section */

/* Begin PBXFileReference section */
		9A160E9413D37EB4001803DE /* folder64.png */ = {isa = PBXFileReference; lastKnownFileType = image.png; path = folder64.png; sourceTree = "<group>"; };
		9A160E9613D3806C001803DE /* adjusthsl.txt */ = {isa = PBXFileReference; fileEncoding = 4; lastKnownFileType = text; path = adjusthsl.txt; sourceTree = "<group>"; };
		9A160E9713D3806C001803DE /* RGBtoHSL.txt */ = {isa = PBXFileReference; fileEncoding = 4; lastKnownFileType = text; path = RGBtoHSL.txt; sourceTree = "<group>"; };
		9A160E9813D3806C001803DE /* imageblending.txt */ = {isa = PBXFileReference; fileEncoding = 4; lastKnownFileType = text; path = imageblending.txt; sourceTree = "<group>"; };
		9A160E9C13D38159001803DE /* icn_New_File.m_512.png */ = {isa = PBXFileReference; lastKnownFileType = image.png; path = icn_New_File.m_512.png; sourceTree = "<group>"; };
		9A160EA913D38233001803DE /* WNStatement.h */ = {isa = PBXFileReference; fileEncoding = 4; lastKnownFileType = sourcecode.c.h; path = WNStatement.h; sourceTree = "<group>"; };
		9A160EAA13D38233001803DE /* WNStatement.m */ = {isa = PBXFileReference; fileEncoding = 4; lastKnownFileType = sourcecode.c.objc; path = WNStatement.m; sourceTree = "<group>"; };
		9A160EAB13D38233001803DE /* WNCodeBlock.h */ = {isa = PBXFileReference; fileEncoding = 4; lastKnownFileType = sourcecode.c.h; path = WNCodeBlock.h; sourceTree = "<group>"; };
		9A160EAC13D38233001803DE /* WNCodeBlock.m */ = {isa = PBXFileReference; fileEncoding = 4; lastKnownFileType = sourcecode.c.objc; path = WNCodeBlock.m; sourceTree = "<group>"; };
		9A160EAD13D38233001803DE /* WNConditionalChain.h */ = {isa = PBXFileReference; fileEncoding = 4; lastKnownFileType = sourcecode.c.h; path = WNConditionalChain.h; sourceTree = "<group>"; };
		9A160EAE13D38233001803DE /* WNConditionalChain.m */ = {isa = PBXFileReference; fileEncoding = 4; lastKnownFileType = sourcecode.c.objc; path = WNConditionalChain.m; sourceTree = "<group>"; };
		9A160EAF13D38233001803DE /* WNConditional.h */ = {isa = PBXFileReference; fileEncoding = 4; lastKnownFileType = sourcecode.c.h; path = WNConditional.h; sourceTree = "<group>"; };
		9A160EB013D38233001803DE /* WNConditional.m */ = {isa = PBXFileReference; fileEncoding = 4; lastKnownFileType = sourcecode.c.objc; path = WNConditional.m; sourceTree = "<group>"; };
		9A160EB113D38233001803DE /* WNBooleanExpression.h */ = {isa = PBXFileReference; fileEncoding = 4; lastKnownFileType = sourcecode.c.h; path = WNBooleanExpression.h; sourceTree = "<group>"; };
		9A160EB213D38233001803DE /* WNBooleanExpression.m */ = {isa = PBXFileReference; fileEncoding = 4; lastKnownFileType = sourcecode.c.objc; path = WNBooleanExpression.m; sourceTree = "<group>"; };
		9A160EB313D38233001803DE /* WNWhileLoop.h */ = {isa = PBXFileReference; fileEncoding = 4; lastKnownFileType = sourcecode.c.h; path = WNWhileLoop.h; sourceTree = "<group>"; };
		9A160EB413D38233001803DE /* WNWhileLoop.m */ = {isa = PBXFileReference; fileEncoding = 4; lastKnownFileType = sourcecode.c.objc; path = WNWhileLoop.m; sourceTree = "<group>"; };
		9A160EB513D38233001803DE /* WNForLoop.h */ = {isa = PBXFileReference; fileEncoding = 4; lastKnownFileType = sourcecode.c.h; path = WNForLoop.h; sourceTree = "<group>"; };
		9A160EB613D38233001803DE /* WNForLoop.m */ = {isa = PBXFileReference; fileEncoding = 4; lastKnownFileType = sourcecode.c.objc; path = WNForLoop.m; sourceTree = "<group>"; };
		9A160EB713D38233001803DE /* WNFastEnumeration.h */ = {isa = PBXFileReference; fileEncoding = 4; lastKnownFileType = sourcecode.c.h; path = WNFastEnumeration.h; sourceTree = "<group>"; };
		9A160EB813D38233001803DE /* WNFastEnumeration.m */ = {isa = PBXFileReference; fileEncoding = 4; lastKnownFileType = sourcecode.c.objc; path = WNFastEnumeration.m; sourceTree = "<group>"; };
		9A160EB913D38233001803DE /* WNReturn.h */ = {isa = PBXFileReference; fileEncoding = 4; lastKnownFileType = sourcecode.c.h; path = WNReturn.h; sourceTree = "<group>"; };
		9A160EBA13D38233001803DE /* WNReturn.m */ = {isa = PBXFileReference; fileEncoding = 4; lastKnownFileType = sourcecode.c.objc; path = WNReturn.m; sourceTree = "<group>"; };
		9A160EBB13D38233001803DE /* WNComment.h */ = {isa = PBXFileReference; fileEncoding = 4; lastKnownFileType = sourcecode.c.h; path = WNComment.h; sourceTree = "<group>"; };
		9A160EBC13D38233001803DE /* WNComment.m */ = {isa = PBXFileReference; fileEncoding = 4; lastKnownFileType = sourcecode.c.objc; path = WNComment.m; sourceTree = "<group>"; };
		9A160EBD13D38233001803DE /* WNBreak.h */ = {isa = PBXFileReference; fileEncoding = 4; lastKnownFileType = sourcecode.c.h; path = WNBreak.h; sourceTree = "<group>"; };
		9A160EBE13D38233001803DE /* WNBreak.m */ = {isa = PBXFileReference; fileEncoding = 4; lastKnownFileType = sourcecode.c.objc; path = WNBreak.m; sourceTree = "<group>"; };
		9A160ECA13D38313001803DE /* RegexKitLite.h */ = {isa = PBXFileReference; fileEncoding = 4; lastKnownFileType = sourcecode.c.h; path = RegexKitLite.h; sourceTree = "<group>"; };
		9A160ECB13D38313001803DE /* RegexKitLite.m */ = {isa = PBXFileReference; fileEncoding = 4; lastKnownFileType = sourcecode.c.objc; path = RegexKitLite.m; sourceTree = "<group>"; };
		9A160ECD13D3837C001803DE /* libicucore.dylib */ = {isa = PBXFileReference; lastKnownFileType = "compiled.mach-o.dylib"; name = libicucore.dylib; path = usr/lib/libicucore.dylib; sourceTree = SDKROOT; };
		9A3AC60C13D389A600D50E31 /* RGBtoHSL.pdf */ = {isa = PBXFileReference; lastKnownFileType = image.pdf; path = RGBtoHSL.pdf; sourceTree = "<group>"; };
		9A3AC60D13D389A600D50E31 /* imageblending.pdf */ = {isa = PBXFileReference; lastKnownFileType = image.pdf; path = imageblending.pdf; sourceTree = "<group>"; };
		9A3AC60E13D389A700D50E31 /* adjusthsl.pdf */ = {isa = PBXFileReference; lastKnownFileType = image.pdf; path = adjusthsl.pdf; sourceTree = "<group>"; };
		9A3AC61313D38A6500D50E31 /* adjusthsl.png */ = {isa = PBXFileReference; lastKnownFileType = image.png; path = adjusthsl.png; sourceTree = "<group>"; };
		9A3AC61413D38A6500D50E31 /* imageblending.png */ = {isa = PBXFileReference; lastKnownFileType = image.png; path = imageblending.png; sourceTree = "<group>"; };
		9A3AC61513D38A6500D50E31 /* RGBtoHSL.png */ = {isa = PBXFileReference; lastKnownFileType = image.png; path = RGBtoHSL.png; sourceTree = "<group>"; };
		9A9B804613D2E33700A0EB37 /* CodeFlow.app */ = {isa = PBXFileReference; explicitFileType = wrapper.application; includeInIndex = 0; path = CodeFlow.app; sourceTree = BUILT_PRODUCTS_DIR; };
		9A9B804A13D2E33700A0EB37 /* UIKit.framework */ = {isa = PBXFileReference; lastKnownFileType = wrapper.framework; name = UIKit.framework; path = System/Library/Frameworks/UIKit.framework; sourceTree = SDKROOT; };
		9A9B804C13D2E33700A0EB37 /* Foundation.framework */ = {isa = PBXFileReference; lastKnownFileType = wrapper.framework; name = Foundation.framework; path = System/Library/Frameworks/Foundation.framework; sourceTree = SDKROOT; };
		9A9B804E13D2E33700A0EB37 /* CoreGraphics.framework */ = {isa = PBXFileReference; lastKnownFileType = wrapper.framework; name = CoreGraphics.framework; path = System/Library/Frameworks/CoreGraphics.framework; sourceTree = SDKROOT; };
		9A9B805213D2E33700A0EB37 /* CodeFlow-Info.plist */ = {isa = PBXFileReference; lastKnownFileType = text.plist.xml; path = "CodeFlow-Info.plist"; sourceTree = "<group>"; };
		9A9B805413D2E33700A0EB37 /* en */ = {isa = PBXFileReference; lastKnownFileType = text.plist.strings; name = en; path = en.lproj/InfoPlist.strings; sourceTree = "<group>"; };
		9A9B805613D2E33700A0EB37 /* CodeFlow-Prefix.pch */ = {isa = PBXFileReference; lastKnownFileType = sourcecode.c.h; path = "CodeFlow-Prefix.pch"; sourceTree = "<group>"; };
		9A9B805713D2E33700A0EB37 /* main.m */ = {isa = PBXFileReference; lastKnownFileType = sourcecode.c.objc; path = main.m; sourceTree = "<group>"; };
		9A9B805913D2E33700A0EB37 /* CodeFlowAppDelegate.h */ = {isa = PBXFileReference; lastKnownFileType = sourcecode.c.h; path = CodeFlowAppDelegate.h; sourceTree = "<group>"; };
		9A9B805A13D2E33700A0EB37 /* CodeFlowAppDelegate.m */ = {isa = PBXFileReference; lastKnownFileType = sourcecode.c.objc; path = CodeFlowAppDelegate.m; sourceTree = "<group>"; };
		9A9B805D13D2E33700A0EB37 /* en */ = {isa = PBXFileReference; lastKnownFileType = file.xib; name = en; path = en.lproj/MainWindow.xib; sourceTree = "<group>"; };
		9A9B805F13D2E33700A0EB37 /* DetailViewController.h */ = {isa = PBXFileReference; lastKnownFileType = sourcecode.c.h; path = DetailViewController.h; sourceTree = "<group>"; };
		9A9B806013D2E33700A0EB37 /* DetailViewController.m */ = {isa = PBXFileReference; lastKnownFileType = sourcecode.c.objc; path = DetailViewController.m; sourceTree = "<group>"; };
		9A9B806313D2E33700A0EB37 /* en */ = {isa = PBXFileReference; lastKnownFileType = file.xib; name = en; path = en.lproj/DetailView.xib; sourceTree = "<group>"; };
		9A9B806513D2E33700A0EB37 /* RootViewController.h */ = {isa = PBXFileReference; lastKnownFileType = sourcecode.c.h; path = RootViewController.h; sourceTree = "<group>"; };
		9A9B806613D2E33700A0EB37 /* RootViewController.m */ = {isa = PBXFileReference; lastKnownFileType = sourcecode.c.objc; path = RootViewController.m; sourceTree = "<group>"; };
		9A9B806D13D2E33700A0EB37 /* CodeFlowTests.octest */ = {isa = PBXFileReference; explicitFileType = wrapper.cfbundle; includeInIndex = 0; path = CodeFlowTests.octest; sourceTree = BUILT_PRODUCTS_DIR; };
		9A9B807513D2E33700A0EB37 /* CodeFlowTests-Info.plist */ = {isa = PBXFileReference; lastKnownFileType = text.plist.xml; path = "CodeFlowTests-Info.plist"; sourceTree = "<group>"; };
		9A9B807713D2E33700A0EB37 /* en */ = {isa = PBXFileReference; lastKnownFileType = text.plist.strings; name = en; path = en.lproj/InfoPlist.strings; sourceTree = "<group>"; };
		9A9B807913D2E33800A0EB37 /* CodeFlowTests-Prefix.pch */ = {isa = PBXFileReference; lastKnownFileType = sourcecode.c.h; path = "CodeFlowTests-Prefix.pch"; sourceTree = "<group>"; };
		9A9B807A13D2E33800A0EB37 /* CodeFlowTests.h */ = {isa = PBXFileReference; lastKnownFileType = sourcecode.c.h; path = CodeFlowTests.h; sourceTree = "<group>"; };
		9A9B807C13D2E33800A0EB37 /* CodeFlowTests.m */ = {isa = PBXFileReference; lastKnownFileType = sourcecode.c.objc; path = CodeFlowTests.m; sourceTree = "<group>"; };
		9A9B808913D2E4BC00A0EB37 /* NSData+Base64.h */ = {isa = PBXFileReference; fileEncoding = 4; lastKnownFileType = sourcecode.c.h; path = "NSData+Base64.h"; sourceTree = "<group>"; };
		9A9B808A13D2E4BC00A0EB37 /* NSData+Base64.m */ = {isa = PBXFileReference; fileEncoding = 4; lastKnownFileType = sourcecode.c.objc; path = "NSData+Base64.m"; sourceTree = "<group>"; };
		9A9B808B13D2E4BC00A0EB37 /* NSData+Gzip.h */ = {isa = PBXFileReference; fileEncoding = 4; lastKnownFileType = sourcecode.c.h; path = "NSData+Gzip.h"; sourceTree = "<group>"; };
		9A9B808C13D2E4BC00A0EB37 /* NSData+Gzip.m */ = {isa = PBXFileReference; fileEncoding = 4; lastKnownFileType = sourcecode.c.objc; path = "NSData+Gzip.m"; sourceTree = "<group>"; };
		9A9B80CF13D3680C00A0EB37 /* libz.dylib */ = {isa = PBXFileReference; lastKnownFileType = "compiled.mach-o.dylib"; name = libz.dylib; path = usr/lib/libz.dylib; sourceTree = SDKROOT; };
/* End PBXFileReference section */

/* Begin PBXFrameworksBuildPhase section */
		9A9B804313D2E33700A0EB37 /* Frameworks */ = {
			isa = PBXFrameworksBuildPhase;
			buildActionMask = 2147483647;
			files = (
				9A160ECE13D3837C001803DE /* libicucore.dylib in Frameworks */,
				9A9B80D013D3680C00A0EB37 /* libz.dylib in Frameworks */,
				9A9B804B13D2E33700A0EB37 /* UIKit.framework in Frameworks */,
				9A9B804D13D2E33700A0EB37 /* Foundation.framework in Frameworks */,
				9A9B804F13D2E33700A0EB37 /* CoreGraphics.framework in Frameworks */,
			);
			runOnlyForDeploymentPostprocessing = 0;
		};
		9A9B806913D2E33700A0EB37 /* Frameworks */ = {
			isa = PBXFrameworksBuildPhase;
			buildActionMask = 2147483647;
			files = (
				9A9B806E13D2E33700A0EB37 /* UIKit.framework in Frameworks */,
				9A9B806F13D2E33700A0EB37 /* Foundation.framework in Frameworks */,
				9A9B807013D2E33700A0EB37 /* CoreGraphics.framework in Frameworks */,
			);
			runOnlyForDeploymentPostprocessing = 0;
		};
/* End PBXFrameworksBuildPhase section */

/* Begin PBXGroup section */
		9A160EA813D38217001803DE /* Dumb Parser */ = {
			isa = PBXGroup;
			children = (
				9A160EA913D38233001803DE /* WNStatement.h */,
				9A160EAA13D38233001803DE /* WNStatement.m */,
				9A160EAB13D38233001803DE /* WNCodeBlock.h */,
				9A160EAC13D38233001803DE /* WNCodeBlock.m */,
				9A160EAD13D38233001803DE /* WNConditionalChain.h */,
				9A160EAE13D38233001803DE /* WNConditionalChain.m */,
				9A160EAF13D38233001803DE /* WNConditional.h */,
				9A160EB013D38233001803DE /* WNConditional.m */,
				9A160EB113D38233001803DE /* WNBooleanExpression.h */,
				9A160EB213D38233001803DE /* WNBooleanExpression.m */,
				9A160EB313D38233001803DE /* WNWhileLoop.h */,
				9A160EB413D38233001803DE /* WNWhileLoop.m */,
				9A160EB513D38233001803DE /* WNForLoop.h */,
				9A160EB613D38233001803DE /* WNForLoop.m */,
				9A160EB713D38233001803DE /* WNFastEnumeration.h */,
				9A160EB813D38233001803DE /* WNFastEnumeration.m */,
				9A160EB913D38233001803DE /* WNReturn.h */,
				9A160EBA13D38233001803DE /* WNReturn.m */,
				9A160EBB13D38233001803DE /* WNComment.h */,
				9A160EBC13D38233001803DE /* WNComment.m */,
				9A160EBD13D38233001803DE /* WNBreak.h */,
				9A160EBE13D38233001803DE /* WNBreak.m */,
			);
			name = "Dumb Parser";
			sourceTree = "<group>";
		};
		9A9B803B13D2E33700A0EB37 = {
			isa = PBXGroup;
			children = (
				9A9B805013D2E33700A0EB37 /* CodeFlow */,
				9A9B807313D2E33700A0EB37 /* CodeFlowTests */,
				9A9B804913D2E33700A0EB37 /* Frameworks */,
				9A9B804713D2E33700A0EB37 /* Products */,
			);
			sourceTree = "<group>";
		};
		9A9B804713D2E33700A0EB37 /* Products */ = {
			isa = PBXGroup;
			children = (
				9A9B804613D2E33700A0EB37 /* CodeFlow.app */,
				9A9B806D13D2E33700A0EB37 /* CodeFlowTests.octest */,
			);
			name = Products;
			sourceTree = "<group>";
		};
		9A9B804913D2E33700A0EB37 /* Frameworks */ = {
			isa = PBXGroup;
			children = (
				9A160ECD13D3837C001803DE /* libicucore.dylib */,
				9A9B80CF13D3680C00A0EB37 /* libz.dylib */,
				9A9B804A13D2E33700A0EB37 /* UIKit.framework */,
				9A9B804C13D2E33700A0EB37 /* Foundation.framework */,
				9A9B804E13D2E33700A0EB37 /* CoreGraphics.framework */,
			);
			name = Frameworks;
			sourceTree = "<group>";
		};
		9A9B805013D2E33700A0EB37 /* CodeFlow */ = {
			isa = PBXGroup;
			children = (
				9A9B805913D2E33700A0EB37 /* CodeFlowAppDelegate.h */,
				9A9B805A13D2E33700A0EB37 /* CodeFlowAppDelegate.m */,
				9A9B805C13D2E33700A0EB37 /* MainWindow.xib */,
				9A9B805F13D2E33700A0EB37 /* DetailViewController.h */,
				9A9B806013D2E33700A0EB37 /* DetailViewController.m */,
				9A9B806213D2E33700A0EB37 /* DetailView.xib */,
				9A9B806513D2E33700A0EB37 /* RootViewController.h */,
				9A9B806613D2E33700A0EB37 /* RootViewController.m */,
				9A9B808913D2E4BC00A0EB37 /* NSData+Base64.h */,
				9A9B808A13D2E4BC00A0EB37 /* NSData+Base64.m */,
				9A9B808B13D2E4BC00A0EB37 /* NSData+Gzip.h */,
				9A9B808C13D2E4BC00A0EB37 /* NSData+Gzip.m */,
				9A9B805113D2E33700A0EB37 /* Supporting Files */,
				9A160EA813D38217001803DE /* Dumb Parser */,
				9A160E9413D37EB4001803DE /* folder64.png */,
				9A160E9613D3806C001803DE /* adjusthsl.txt */,
				9A160E9713D3806C001803DE /* RGBtoHSL.txt */,
				9A160E9813D3806C001803DE /* imageblending.txt */,
				9A3AC60C13D389A600D50E31 /* RGBtoHSL.pdf */,
				9A3AC60D13D389A600D50E31 /* imageblending.pdf */,
				9A3AC60E13D389A700D50E31 /* adjusthsl.pdf */,
				9A3AC61313D38A6500D50E31 /* adjusthsl.png */,
				9A3AC61413D38A6500D50E31 /* imageblending.png */,
				9A3AC61513D38A6500D50E31 /* RGBtoHSL.png */,
				9A160E9C13D38159001803DE /* icn_New_File.m_512.png */,
				9A160ECA13D38313001803DE /* RegexKitLite.h */,
				9A160ECB13D38313001803DE /* RegexKitLite.m */,
			);
			path = CodeFlow;
			sourceTree = "<group>";
		};
		9A9B805113D2E33700A0EB37 /* Supporting Files */ = {
			isa = PBXGroup;
			children = (
				9A9B805213D2E33700A0EB37 /* CodeFlow-Info.plist */,
				9A9B805313D2E33700A0EB37 /* InfoPlist.strings */,
				9A9B805613D2E33700A0EB37 /* CodeFlow-Prefix.pch */,
				9A9B805713D2E33700A0EB37 /* main.m */,
			);
			name = "Supporting Files";
			sourceTree = "<group>";
		};
		9A9B807313D2E33700A0EB37 /* CodeFlowTests */ = {
			isa = PBXGroup;
			children = (
				9A9B807A13D2E33800A0EB37 /* CodeFlowTests.h */,
				9A9B807C13D2E33800A0EB37 /* CodeFlowTests.m */,
				9A9B807413D2E33700A0EB37 /* Supporting Files */,
			);
			path = CodeFlowTests;
			sourceTree = "<group>";
		};
		9A9B807413D2E33700A0EB37 /* Supporting Files */ = {
			isa = PBXGroup;
			children = (
				9A9B807513D2E33700A0EB37 /* CodeFlowTests-Info.plist */,
				9A9B807613D2E33700A0EB37 /* InfoPlist.strings */,
				9A9B807913D2E33800A0EB37 /* CodeFlowTests-Prefix.pch */,
			);
			name = "Supporting Files";
			sourceTree = "<group>";
		};
/* End PBXGroup section */

/* Begin PBXNativeTarget section */
		9A9B804513D2E33700A0EB37 /* CodeFlow */ = {
			isa = PBXNativeTarget;
			buildConfigurationList = 9A9B808013D2E33800A0EB37 /* Build configuration list for PBXNativeTarget "CodeFlow" */;
			buildPhases = (
				9A9B804213D2E33700A0EB37 /* Sources */,
				9A9B804313D2E33700A0EB37 /* Frameworks */,
				9A9B804413D2E33700A0EB37 /* Resources */,
			);
			buildRules = (
			);
			dependencies = (
			);
			name = CodeFlow;
			productName = CodeFlow;
			productReference = 9A9B804613D2E33700A0EB37 /* CodeFlow.app */;
			productType = "com.apple.product-type.application";
		};
		9A9B806C13D2E33700A0EB37 /* CodeFlowTests */ = {
			isa = PBXNativeTarget;
			buildConfigurationList = 9A9B808313D2E33800A0EB37 /* Build configuration list for PBXNativeTarget "CodeFlowTests" */;
			buildPhases = (
				9A9B806813D2E33700A0EB37 /* Sources */,
				9A9B806913D2E33700A0EB37 /* Frameworks */,
				9A9B806A13D2E33700A0EB37 /* Resources */,
				9A9B806B13D2E33700A0EB37 /* ShellScript */,
			);
			buildRules = (
			);
			dependencies = (
				9A9B807213D2E33700A0EB37 /* PBXTargetDependency */,
			);
			name = CodeFlowTests;
			productName = CodeFlowTests;
			productReference = 9A9B806D13D2E33700A0EB37 /* CodeFlowTests.octest */;
			productType = "com.apple.product-type.bundle";
		};
/* End PBXNativeTarget section */

/* Begin PBXProject section */
		9A9B803D13D2E33700A0EB37 /* Project object */ = {
			isa = PBXProject;
			attributes = {
				ORGANIZATIONNAME = "Cory Kilger";
			};
			buildConfigurationList = 9A9B804013D2E33700A0EB37 /* Build configuration list for PBXProject "CodeFlow" */;
			compatibilityVersion = "Xcode 3.2";
			developmentRegion = English;
			hasScannedForEncodings = 0;
			knownRegions = (
				en,
			);
			mainGroup = 9A9B803B13D2E33700A0EB37;
			productRefGroup = 9A9B804713D2E33700A0EB37 /* Products */;
			projectDirPath = "";
			projectRoot = "";
			targets = (
				9A9B804513D2E33700A0EB37 /* CodeFlow */,
				9A9B806C13D2E33700A0EB37 /* CodeFlowTests */,
			);
		};
/* End PBXProject section */

/* Begin PBXResourcesBuildPhase section */
		9A9B804413D2E33700A0EB37 /* Resources */ = {
			isa = PBXResourcesBuildPhase;
			buildActionMask = 2147483647;
			files = (
				9A9B805513D2E33700A0EB37 /* InfoPlist.strings in Resources */,
				9A9B805E13D2E33700A0EB37 /* MainWindow.xib in Resources */,
				9A9B806413D2E33700A0EB37 /* DetailView.xib in Resources */,
				9A160E9513D37EB4001803DE /* folder64.png in Resources */,
				9A160E9913D3806C001803DE /* adjusthsl.txt in Resources */,
				9A160E9A13D3806C001803DE /* RGBtoHSL.txt in Resources */,
				9A160E9B13D3806C001803DE /* imageblending.txt in Resources */,
				9A160E9D13D38159001803DE /* icn_New_File.m_512.png in Resources */,
				9A3AC60F13D389A700D50E31 /* RGBtoHSL.pdf in Resources */,
				9A3AC61013D389A700D50E31 /* imageblending.pdf in Resources */,
				9A3AC61113D389A700D50E31 /* adjusthsl.pdf in Resources */,
				9A3AC61613D38A6500D50E31 /* adjusthsl.png in Resources */,
				9A3AC61713D38A6500D50E31 /* imageblending.png in Resources */,
				9A3AC61813D38A6500D50E31 /* RGBtoHSL.png in Resources */,
			);
			runOnlyForDeploymentPostprocessing = 0;
		};
		9A9B806A13D2E33700A0EB37 /* Resources */ = {
			isa = PBXResourcesBuildPhase;
			buildActionMask = 2147483647;
			files = (
				9A9B807813D2E33700A0EB37 /* InfoPlist.strings in Resources */,
				9A9B807B13D2E33800A0EB37 /* CodeFlowTests.h in Resources */,
			);
			runOnlyForDeploymentPostprocessing = 0;
		};
/* End PBXResourcesBuildPhase section */

/* Begin PBXShellScriptBuildPhase section */
		9A9B806B13D2E33700A0EB37 /* ShellScript */ = {
			isa = PBXShellScriptBuildPhase;
			buildActionMask = 2147483647;
			files = (
			);
			inputPaths = (
			);
			outputPaths = (
			);
			runOnlyForDeploymentPostprocessing = 0;
			shellPath = /bin/sh;
			shellScript = "# Run the unit tests in this test bundle.\n\"${SYSTEM_DEVELOPER_DIR}/Tools/RunUnitTests\"\n";
		};
/* End PBXShellScriptBuildPhase section */

/* Begin PBXSourcesBuildPhase section */
		9A9B804213D2E33700A0EB37 /* Sources */ = {
			isa = PBXSourcesBuildPhase;
			buildActionMask = 2147483647;
			files = (
				9A9B805813D2E33700A0EB37 /* main.m in Sources */,
				9A9B805B13D2E33700A0EB37 /* CodeFlowAppDelegate.m in Sources */,
				9A9B806113D2E33700A0EB37 /* DetailViewController.m in Sources */,
				9A9B806713D2E33700A0EB37 /* RootViewController.m in Sources */,
				9A9B808D13D2E4BC00A0EB37 /* NSData+Base64.m in Sources */,
				9A9B808E13D2E4BC00A0EB37 /* NSData+Gzip.m in Sources */,
				9A160EBF13D38233001803DE /* WNStatement.m in Sources */,
				9A160EC013D38233001803DE /* WNCodeBlock.m in Sources */,
				9A160EC113D38233001803DE /* WNConditionalChain.m in Sources */,
				9A160EC213D38233001803DE /* WNConditional.m in Sources */,
				9A160EC313D38233001803DE /* WNBooleanExpression.m in Sources */,
				9A160EC413D38233001803DE /* WNWhileLoop.m in Sources */,
				9A160EC513D38233001803DE /* WNForLoop.m in Sources */,
				9A160EC613D38233001803DE /* WNFastEnumeration.m in Sources */,
				9A160EC713D38233001803DE /* WNReturn.m in Sources */,
				9A160EC813D38233001803DE /* WNComment.m in Sources */,
				9A160EC913D38233001803DE /* WNBreak.m in Sources */,
				9A160ECC13D38313001803DE /* RegexKitLite.m in Sources */,
			);
			runOnlyForDeploymentPostprocessing = 0;
		};
		9A9B806813D2E33700A0EB37 /* Sources */ = {
			isa = PBXSourcesBuildPhase;
			buildActionMask = 2147483647;
			files = (
				9A9B807D13D2E33800A0EB37 /* CodeFlowTests.m in Sources */,
			);
			runOnlyForDeploymentPostprocessing = 0;
		};
/* End PBXSourcesBuildPhase section */

/* Begin PBXTargetDependency section */
		9A9B807213D2E33700A0EB37 /* PBXTargetDependency */ = {
			isa = PBXTargetDependency;
			target = 9A9B804513D2E33700A0EB37 /* CodeFlow */;
			targetProxy = 9A9B807113D2E33700A0EB37 /* PBXContainerItemProxy */;
		};
/* End PBXTargetDependency section */

/* Begin PBXVariantGroup section */
		9A9B805313D2E33700A0EB37 /* InfoPlist.strings */ = {
			isa = PBXVariantGroup;
			children = (
				9A9B805413D2E33700A0EB37 /* en */,
			);
			name = InfoPlist.strings;
			sourceTree = "<group>";
		};
		9A9B805C13D2E33700A0EB37 /* MainWindow.xib */ = {
			isa = PBXVariantGroup;
			children = (
				9A9B805D13D2E33700A0EB37 /* en */,
			);
			name = MainWindow.xib;
			sourceTree = "<group>";
		};
		9A9B806213D2E33700A0EB37 /* DetailView.xib */ = {
			isa = PBXVariantGroup;
			children = (
				9A9B806313D2E33700A0EB37 /* en */,
			);
			name = DetailView.xib;
			sourceTree = "<group>";
		};
		9A9B807613D2E33700A0EB37 /* InfoPlist.strings */ = {
			isa = PBXVariantGroup;
			children = (
				9A9B807713D2E33700A0EB37 /* en */,
			);
			name = InfoPlist.strings;
			sourceTree = "<group>";
		};
/* End PBXVariantGroup section */

/* Begin XCBuildConfiguration section */
		9A9B807E13D2E33800A0EB37 /* Debug */ = {
			isa = XCBuildConfiguration;
			buildSettings = {
				ARCHS = "$(ARCHS_UNIVERSAL_IPHONE_OS)";
				"CODE_SIGN_IDENTITY[sdk=iphoneos*]" = "iPhone Developer";
				GCC_C_LANGUAGE_STANDARD = gnu99;
				GCC_OPTIMIZATION_LEVEL = 0;
				GCC_PREPROCESSOR_DEFINITIONS = DEBUG;
				GCC_SYMBOLS_PRIVATE_EXTERN = NO;
				GCC_VERSION = com.apple.compilers.llvmgcc42;
				GCC_WARN_ABOUT_RETURN_TYPE = YES;
				GCC_WARN_UNUSED_VARIABLE = YES;
				IPHONEOS_DEPLOYMENT_TARGET = 4.3;
				SDKROOT = iphoneos;
				TARGETED_DEVICE_FAMILY = 2;
			};
			name = Debug;
		};
		9A9B807F13D2E33800A0EB37 /* Release */ = {
			isa = XCBuildConfiguration;
			buildSettings = {
				ARCHS = "$(ARCHS_UNIVERSAL_IPHONE_OS)";
				"CODE_SIGN_IDENTITY[sdk=iphoneos*]" = "iPhone Developer";
				GCC_C_LANGUAGE_STANDARD = gnu99;
				GCC_VERSION = com.apple.compilers.llvmgcc42;
				GCC_WARN_ABOUT_RETURN_TYPE = YES;
				GCC_WARN_UNUSED_VARIABLE = YES;
				IPHONEOS_DEPLOYMENT_TARGET = 4.3;
				OTHER_CFLAGS = "-DNS_BLOCK_ASSERTIONS=1";
				SDKROOT = iphoneos;
				TARGETED_DEVICE_FAMILY = 2;
			};
			name = Release;
		};
		9A9B808113D2E33800A0EB37 /* Debug */ = {
			isa = XCBuildConfiguration;
			buildSettings = {
				ALWAYS_SEARCH_USER_PATHS = NO;
				COPY_PHASE_STRIP = NO;
				GCC_DYNAMIC_NO_PIC = NO;
				GCC_PRECOMPILE_PREFIX_HEADER = YES;
				GCC_PREFIX_HEADER = "CodeFlow/CodeFlow-Prefix.pch";
				INFOPLIST_FILE = "CodeFlow/CodeFlow-Info.plist";
				PRODUCT_NAME = "$(TARGET_NAME)";
				WRAPPER_EXTENSION = app;
			};
			name = Debug;
		};
		9A9B808213D2E33800A0EB37 /* Release */ = {
			isa = XCBuildConfiguration;
			buildSettings = {
				ALWAYS_SEARCH_USER_PATHS = NO;
				COPY_PHASE_STRIP = YES;
				GCC_PRECOMPILE_PREFIX_HEADER = YES;
				GCC_PREFIX_HEADER = "CodeFlow/CodeFlow-Prefix.pch";
				INFOPLIST_FILE = "CodeFlow/CodeFlow-Info.plist";
				PRODUCT_NAME = "$(TARGET_NAME)";
				VALIDATE_PRODUCT = YES;
				WRAPPER_EXTENSION = app;
			};
			name = Release;
		};
		9A9B808413D2E33800A0EB37 /* Debug */ = {
			isa = XCBuildConfiguration;
			buildSettings = {
				ALWAYS_SEARCH_USER_PATHS = NO;
				ARCHS = "$(ARCHS_STANDARD_32_BIT)";
				BUNDLE_LOADER = "$(BUILT_PRODUCTS_DIR)/CodeFlow.app/CodeFlow";
				FRAMEWORK_SEARCH_PATHS = (
					"$(SDKROOT)/Developer/Library/Frameworks",
					"$(DEVELOPER_LIBRARY_DIR)/Frameworks",
				);
				GCC_PRECOMPILE_PREFIX_HEADER = YES;
				GCC_PREFIX_HEADER = "CodeFlowTests/CodeFlowTests-Prefix.pch";
				INFOPLIST_FILE = "CodeFlowTests/CodeFlowTests-Info.plist";
				OTHER_LDFLAGS = (
					"-framework",
					SenTestingKit,
				);
				PRODUCT_NAME = "$(TARGET_NAME)";
				TEST_HOST = "$(BUNDLE_LOADER)";
				WRAPPER_EXTENSION = octest;
			};
			name = Debug;
		};
		9A9B808513D2E33800A0EB37 /* Release */ = {
			isa = XCBuildConfiguration;
			buildSettings = {
				ALWAYS_SEARCH_USER_PATHS = NO;
				ARCHS = "$(ARCHS_STANDARD_32_BIT)";
				BUNDLE_LOADER = "$(BUILT_PRODUCTS_DIR)/CodeFlow.app/CodeFlow";
				FRAMEWORK_SEARCH_PATHS = (
					"$(SDKROOT)/Developer/Library/Frameworks",
					"$(DEVELOPER_LIBRARY_DIR)/Frameworks",
				);
				GCC_PRECOMPILE_PREFIX_HEADER = YES;
				GCC_PREFIX_HEADER = "CodeFlowTests/CodeFlowTests-Prefix.pch";
				INFOPLIST_FILE = "CodeFlowTests/CodeFlowTests-Info.plist";
				OTHER_LDFLAGS = (
					"-framework",
					SenTestingKit,
				);
				PRODUCT_NAME = "$(TARGET_NAME)";
				TEST_HOST = "$(BUNDLE_LOADER)";
				WRAPPER_EXTENSION = octest;
			};
			name = Release;
		};
/* End XCBuildConfiguration section */

/* Begin XCConfigurationList section */
		9A9B804013D2E33700A0EB37 /* Build configuration list for PBXProject "CodeFlow" */ = {
			isa = XCConfigurationList;
			buildConfigurations = (
				9A9B807E13D2E33800A0EB37 /* Debug */,
				9A9B807F13D2E33800A0EB37 /* Release */,
			);
			defaultConfigurationIsVisible = 0;
			defaultConfigurationName = Release;
		};
		9A9B808013D2E33800A0EB37 /* Build configuration list for PBXNativeTarget "CodeFlow" */ = {
			isa = XCConfigurationList;
			buildConfigurations = (
				9A9B808113D2E33800A0EB37 /* Debug */,
				9A9B808213D2E33800A0EB37 /* Release */,
			);
			defaultConfigurationIsVisible = 0;
			defaultConfigurationName = Release;
		};
		9A9B808313D2E33800A0EB37 /* Build configuration list for PBXNativeTarget "CodeFlowTests" */ = {
			isa = XCConfigurationList;
			buildConfigurations = (
				9A9B808413D2E33800A0EB37 /* Debug */,
				9A9B808513D2E33800A0EB37 /* Release */,
			);
			defaultConfigurationIsVisible = 0;
			defaultConfigurationName = Release;
		};
/* End XCConfigurationList section */
	};
	rootObject = 9A9B803D13D2E33700A0EB37 /* Project object */;
}
